
Microsoft Visual Studio Solution File, Format Version 12.00
# Visual Studio 15
VisualStudioVersion = 15.0.28010.2019
MinimumVisualStudioVersion = 10.0.40219.1
Project("{2150E333-8FDC-42A3-9474-1A3956D46DE8}") = "UI", "UI", "{586B5D62-EF9F-4EBE-882F-2DCC53A6BD40}"
EndProject
Project("{FAE04EC0-301F-11D3-BF4B-00C04F79EFBC}") = "ConsolePCWeb", "ConsolePCWeb\ConsolePCWeb.csproj", "{22FBA03A-9C9D-4098-94F7-DE2297CFD1CA}"
EndProject
Global
	GlobalSection(SolutionConfigurationPlatforms) = preSolution
		Debug|Any CPU = Debug|Any CPU
		Release|Any CPU = Release|Any CPU
	EndGlobalSection
	GlobalSection(ProjectConfigurationPlatforms) = postSolution
		{22FBA03A-9C9D-4098-94F7-DE2297CFD1CA}.Debug|Any CPU.ActiveCfg = Debug|Any CPU
		{22FBA03A-9C9D-4098-94F7-DE2297CFD1CA}.Debug|Any CPU.Build.0 = Debug|Any CPU
		{22FBA03A-9C9D-4098-94F7-DE2297CFD1CA}.Release|Any CPU.ActiveCfg = Release|Any CPU
		{22FBA03A-9C9D-4098-94F7-DE2297CFD1CA}.Release|Any CPU.Build.0 = Release|Any CPU
	EndGlobalSection
	GlobalSection(SolutionProperties) = preSolution
		HideSolutionNode = FALSE
	EndGlobalSection
	GlobalSection(NestedProjects) = preSolution
		{22FBA03A-9C9D-4098-94F7-DE2297CFD1CA} = {586B5D62-EF9F-4EBE-882F-2DCC53A6BD40}
	EndGlobalSection
	GlobalSection(ExtensibilityGlobals) = postSolution
		SolutionGuid = {CDBF9169-B431-40E5-8EF6-8B564BB0CEAC}
	EndGlobalSection
EndGlobal
